
Microsoft Visual Studio Solution File, Format Version 12.00
# Visual Studio Version 17
VisualStudioVersion = 17.14.36414.22
MinimumVisualStudioVersion = 10.0.40219.1
Project("{FAE04EC0-301F-11D3-BF4B-00C04F79EFBC}") = "RegistroDeJugadoresTicTacToe", "RegistroDeJugadoresTicTacToe\RegistroDeJugadoresTicTacToe.csproj", "{F9E8F45A-056A-40C2-AA31-34B64F0AF11D}"
EndProject
Project("{FAE04EC0-301F-11D3-BF4B-00C04F79EFBC}") = "RegistroDeJugadoresTicTacToe.Shared", "RegistroDeJugadoresTicTacToe.Shared\RegistroDeJugadoresTicTacToe.Shared.csproj", "{F1D87262-15DB-4095-886F-C29F3B2C242D}"
EndProject
Project("{FAE04EC0-301F-11D3-BF4B-00C04F79EFBC}") = "RegistroDeJugadoresTicTacToe.BlazorWasm", "RegistroDeJugadoresTicTacToe.BlazorWasm\RegistroDeJugadoresTicTacToe.BlazorWasm.csproj", "{57306B7E-2418-4C9A-80B6-E5FE60CB6433}"
EndProject
Global
	GlobalSection(SolutionConfigurationPlatforms) = preSolution
		Debug|Any CPU = Debug|Any CPU
		Release|Any CPU = Release|Any CPU
	EndGlobalSection
	GlobalSection(ProjectConfigurationPlatforms) = postSolution
		{F9E8F45A-056A-40C2-AA31-34B64F0AF11D}.Debug|Any CPU.ActiveCfg = Debug|Any CPU
		{F9E8F45A-056A-40C2-AA31-34B64F0AF11D}.Debug|Any CPU.Build.0 = Debug|Any CPU
		{F9E8F45A-056A-40C2-AA31-34B64F0AF11D}.Release|Any CPU.ActiveCfg = Release|Any CPU
		{F9E8F45A-056A-40C2-AA31-34B64F0AF11D}.Release|Any CPU.Build.0 = Release|Any CPU
		{F1D87262-15DB-4095-886F-C29F3B2C242D}.Debug|Any CPU.ActiveCfg = Debug|Any CPU
		{F1D87262-15DB-4095-886F-C29F3B2C242D}.Debug|Any CPU.Build.0 = Debug|Any CPU
		{F1D87262-15DB-4095-886F-C29F3B2C242D}.Release|Any CPU.ActiveCfg = Release|Any CPU
		{F1D87262-15DB-4095-886F-C29F3B2C242D}.Release|Any CPU.Build.0 = Release|Any CPU
		{57306B7E-2418-4C9A-80B6-E5FE60CB6433}.Debug|Any CPU.ActiveCfg = Debug|Any CPU
		{57306B7E-2418-4C9A-80B6-E5FE60CB6433}.Debug|Any CPU.Build.0 = Debug|Any CPU
		{57306B7E-2418-4C9A-80B6-E5FE60CB6433}.Release|Any CPU.ActiveCfg = Release|Any CPU
		{57306B7E-2418-4C9A-80B6-E5FE60CB6433}.Release|Any CPU.Build.0 = Release|Any CPU
	EndGlobalSection
	GlobalSection(SolutionProperties) = preSolution
		HideSolutionNode = FALSE
	EndGlobalSection
	GlobalSection(ExtensibilityGlobals) = postSolution
		SolutionGuid = {DE3FA8BF-A88B-4B01-98C3-BE36373C9D11}
	EndGlobalSection
EndGlobal
